Microsoft Visual Studio Solution File, Format Version 12.00
# Visual Studio Version 17
VisualStudioVersion = 17.0.31903.59
MinimumVisualStudioVersion = 10.0.40219.1
Project("{FAE04EC0-301F-11D3-BF4B-00C04F79EFBC}") = "AustinXPowerBot.Desktop", "AustinXPowerBot.Desktop\AustinXPowerBot.Desktop.csproj", "{B7D413D9-5ECE-4312-A2DA-B55C3C36D983}"
EndProject
Project("{FAE04EC0-301F-11D3-BF4B-00C04F79EFBC}") = "AustinXPowerBot.Api", "AustinXPowerBot.Api\AustinXPowerBot.Api.csproj", "{7AB45646-7913-40A4-AF13-6345AC7FD996}"
EndProject
Project("{FAE04EC0-301F-11D3-BF4B-00C04F79EFBC}") = "AustinXPowerBot.Shared", "AustinXPowerBot.Shared\AustinXPowerBot.Shared.csproj", "{7C4F52A3-8828-438E-9468-D93953E4AB28}"
EndProject
Project("{FAE04EC0-301F-11D3-BF4B-00C04F79EFBC}") = "AustinXPowerBot.TelegramBot", "AustinXPowerBot.TelegramBot\AustinXPowerBot.TelegramBot.csproj", "{7B8F5BFA-FD49-44F9-8E6D-875C8C97B798}"
EndProject
Global
	GlobalSection(SolutionConfigurationPlatforms) = preSolution
		Debug|Any CPU = Debug|Any CPU
		Release|Any CPU = Release|Any CPU
	EndGlobalSection
	GlobalSection(ProjectConfigurationPlatforms) = postSolution
		{B7D413D9-5ECE-4312-A2DA-B55C3C36D983}.Debug|Any CPU.ActiveCfg = Debug|Any CPU
		{B7D413D9-5ECE-4312-A2DA-B55C3C36D983}.Debug|Any CPU.Build.0 = Debug|Any CPU
		{B7D413D9-5ECE-4312-A2DA-B55C3C36D983}.Release|Any CPU.ActiveCfg = Release|Any CPU
		{B7D413D9-5ECE-4312-A2DA-B55C3C36D983}.Release|Any CPU.Build.0 = Release|Any CPU

		{7AB45646-7913-40A4-AF13-6345AC7FD996}.Debug|Any CPU.ActiveCfg = Debug|Any CPU
		{7AB45646-7913-40A4-AF13-6345AC7FD996}.Debug|Any CPU.Build.0 = Debug|Any CPU
		{7AB45646-7913-40A4-AF13-6345AC7FD996}.Release|Any CPU.ActiveCfg = Release|Any CPU
		{7AB45646-7913-40A4-AF13-6345AC7FD996}.Release|Any CPU.Build.0 = Release|Any CPU

		{7C4F52A3-8828-438E-9468-D93953E4AB28}.Debug|Any CPU.ActiveCfg = Debug|Any CPU
		{7C4F52A3-8828-438E-9468-D93953E4AB28}.Debug|Any CPU.Build.0 = Debug|Any CPU
		{7C4F52A3-8828-438E-9468-D93953E4AB28}.Release|Any CPU.ActiveCfg = Release|Any CPU
		{7C4F52A3-8828-438E-9468-D93953E4AB28}.Release|Any CPU.Build.0 = Release|Any CPU

		{7B8F5BFA-FD49-44F9-8E6D-875C8C97B798}.Debug|Any CPU.ActiveCfg = Debug|Any CPU
		{7B8F5BFA-FD49-44F9-8E6D-875C8C97B798}.Debug|Any CPU.Build.0 = Debug|Any CPU
		{7B8F5BFA-FD49-44F9-8E6D-875C8C97B798}.Release|Any CPU.ActiveCfg = Release|Any CPU
		{7B8F5BFA-FD49-44F9-8E6D-875C8C97B798}.Release|Any CPU.Build.0 = Release|Any CPU
	EndGlobalSection
	GlobalSection(SolutionProperties) = preSolution
		HideSolutionNode = FALSE
	EndGlobalSection
EndGlobal
